
Microsoft Visual Studio Solution File, Format Version 12.00
# Visual Studio 15
VisualStudioVersion = 15.0.27130.2010
MinimumVisualStudioVersion = 10.0.40219.1
Project("{FAE04EC0-301F-11D3-BF4B-00C04F79EFBC}") = "AppVeyorDotnetSandbox", "AppVeyorDotnetSandbox\AppVeyorDotnetSandbox.csproj", "{D8FBED61-C9BF-4661-A066-25DD2E460660}"
EndProject
Global
	GlobalSection(SolutionConfigurationPlatforms) = preSolution
		Debug|Any CPU = Debug|Any CPU
		Release|Any CPU = Release|Any CPU
	EndGlobalSection
	GlobalSection(ProjectConfigurationPlatforms) = postSolution
		{D8FBED61-C9BF-4661-A066-25DD2E460660}.Debug|Any CPU.ActiveCfg = Debug|Any CPU
		{D8FBED61-C9BF-4661-A066-25DD2E460660}.Debug|Any CPU.Build.0 = Debug|Any CPU
		{D8FBED61-C9BF-4661-A066-25DD2E460660}.Release|Any CPU.ActiveCfg = Release|Any CPU
		{D8FBED61-C9BF-4661-A066-25DD2E460660}.Release|Any CPU.Build.0 = Release|Any CPU
	EndGlobalSection
	GlobalSection(SolutionProperties) = preSolution
		HideSolutionNode = FALSE
	EndGlobalSection
	GlobalSection(ExtensibilityGlobals) = postSolution
		SolutionGuid = {DD8BA67F-C1AD-4CC1-BB1B-A19EDBA9E5FE}
	EndGlobalSection
EndGlobal
